
Microsoft Visual Studio Solution File, Format Version 12.00
# Visual Studio Version 16
VisualStudioVersion = 16.0.29009.5
MinimumVisualStudioVersion = 10.0.40219.1
Project("{9A19103F-16F7-4668-BE54-9A1E7A4F7556}") = "MoversAndShakersScrapingService", "MoversAndShakersScrapingService\MoversAndShakersScrapingService.csproj", "{C5EB4A9E-A19A-456A-BDE4-BEE68FD9D7EE}"
EndProject
Project("{2150E333-8FDC-42A3-9474-1A3956D46DE8}") = "Framework", "Framework", "{7B9D73D9-F24A-4F08-96C7-FF96A5DB25EB}"
EndProject
Project("{9A19103F-16F7-4668-BE54-9A1E7A4F7556}") = "VTFileSystemManagement", "..\..\DiscordBots\Framework\VTFileSystemManagement\VTFileSystemManagement\VTFileSystemManagement.csproj", "{E2D8F4EB-936E-40CD-A94F-A8C407691156}"
EndProject
Global
	GlobalSection(SolutionConfigurationPlatforms) = preSolution
		Debug|Any CPU = Debug|Any CPU
		Release|Any CPU = Release|Any CPU
	EndGlobalSection
	GlobalSection(ProjectConfigurationPlatforms) = postSolution
		{C5EB4A9E-A19A-456A-BDE4-BEE68FD9D7EE}.Debug|Any CPU.ActiveCfg = Debug|Any CPU
		{C5EB4A9E-A19A-456A-BDE4-BEE68FD9D7EE}.Debug|Any CPU.Build.0 = Debug|Any CPU
		{C5EB4A9E-A19A-456A-BDE4-BEE68FD9D7EE}.Release|Any CPU.ActiveCfg = Release|Any CPU
		{C5EB4A9E-A19A-456A-BDE4-BEE68FD9D7EE}.Release|Any CPU.Build.0 = Release|Any CPU
		{E2D8F4EB-936E-40CD-A94F-A8C407691156}.Debug|Any CPU.ActiveCfg = Debug|Any CPU
		{E2D8F4EB-936E-40CD-A94F-A8C407691156}.Debug|Any CPU.Build.0 = Debug|Any CPU
		{E2D8F4EB-936E-40CD-A94F-A8C407691156}.Release|Any CPU.ActiveCfg = Release|Any CPU
		{E2D8F4EB-936E-40CD-A94F-A8C407691156}.Release|Any CPU.Build.0 = Release|Any CPU
	EndGlobalSection
	GlobalSection(SolutionProperties) = preSolution
		HideSolutionNode = FALSE
	EndGlobalSection
	GlobalSection(NestedProjects) = preSolution
		{E2D8F4EB-936E-40CD-A94F-A8C407691156} = {7B9D73D9-F24A-4F08-96C7-FF96A5DB25EB}
	EndGlobalSection
	GlobalSection(ExtensibilityGlobals) = postSolution
		SolutionGuid = {866BBFB8-4EE5-46F2-916F-BB0BD95653AA}
	EndGlobalSection
EndGlobal
